<?xml version="1.0" encoding="utf-8"?>
<Project ToolsVersion="12.0" xmlns="http://schemas.microsoft.com/developer/msbuild/2003">
  <ItemGroup>
    <ClCompile Include="..\..\nctest\add.c">
      <Filter>Source Files</Filter>
    </ClCompile>
    <ClCompile Include="..\..\nctest\atttests.c">
      <Filter>Source Files</Filter>
    </ClCompile>
    <ClCompile Include="..\..\nctest\cdftests.c">
      <Filter>Source Files</Filter>
    </ClCompile>
    <ClCompile Include="..\..\nctest\dimtests.c">
      <Filter>Source Files</Filter>
    </ClCompile>
    <ClCompile Include="..\..\nctest\driver.c">
      <Filter>Source Files</Filter>
    </ClCompile>
    <ClCompile Include="..\..\nctest\emalloc.c">
      <Filter>Source Files</Filter>
    </ClCompile>
    <ClCompile Include="..\..\nctest\error.c">
      <Filter>Source Files</Filter>
    </ClCompile>
    <ClCompile Include="..\..\nctest\misctest.c">
      <Filter>Source Files</Filter>
    </ClCompile>
    <ClCompile Include="..\..\nctest\rec.c">
      <Filter>Source Files</Filter>
    </ClCompile>
    <ClCompile Include="..\..\nctest\slabs.c">
      <Filter>Source Files</Filter>
    </ClCompile>
    <ClCompile Include="..\..\nctest\val.c">
      <Filter>Source Files</Filter>
    </ClCompile>
    <ClCompile Include="..\..\nctest\vardef.c">
      <Filter>Source Files</Filter>
    </ClCompile>
    <ClCompile Include="..\..\nctest\varget.c">
      <Filter>Source Files</Filter>
    </ClCompile>
    <ClCompile Include="..\..\nctest\vargetg.c">
      <Filter>Source Files</Filter>
    </ClCompile>
    <ClCompile Include="..\..\nctest\varput.c">
      <Filter>Source Files</Filter>
    </ClCompile>
    <ClCompile Include="..\..\nctest\varputg.c">
      <Filter>Source Files</Filter>
    </ClCompile>
    <ClCompile Include="..\..\nctest\vartests.c">
      <Filter>Source Files</Filter>
    </ClCompile>
    <ClCompile Include="..\..\nctest\vputget.c">
      <Filter>Source Files</Filter>
    </ClCompile>
    <ClCompile Include="..\..\nctest\vputgetg.c">
      <Filter>Source Files</Filter>
    </ClCompile>
  </ItemGroup>
  <ItemGroup>
    <CustomBuild Include="..\..\nctest\CMakeLists.txt" />
  </ItemGroup>
  <ItemGroup>
    <Filter Include="Source Files">
      <UniqueIdentifier>{B48BE33D-9166-44C2-A7B3-F4FE0DC3501B}</UniqueIdentifier>
    </Filter>
  </ItemGroup>
</Project>
