<?xml version="1.0" encoding="utf-8"?>
<Project ToolsVersion="12.0" xmlns="http://schemas.microsoft.com/developer/msbuild/2003">
  <ItemGroup>
    <ClCompile Include="..\..\oc2\oc.c">
      <Filter>Source Files</Filter>
    </ClCompile>
    <ClCompile Include="..\..\oc2\daplex.c">
      <Filter>Source Files</Filter>
    </ClCompile>
    <ClCompile Include="..\..\oc2\dapparse.c">
      <Filter>Source Files</Filter>
    </ClCompile>
    <ClCompile Include="..\..\oc2\daptab.c">
      <Filter>Source Files</Filter>
    </ClCompile>
    <ClCompile Include="..\..\oc2\occlientparams.c">
      <Filter>Source Files</Filter>
    </ClCompile>
    <ClCompile Include="..\..\oc2\occompile.c">
      <Filter>Source Files</Filter>
    </ClCompile>
    <ClCompile Include="..\..\oc2\occurlfunctions.c">
      <Filter>Source Files</Filter>
    </ClCompile>
    <ClCompile Include="..\..\oc2\ocdata.c">
      <Filter>Source Files</Filter>
    </ClCompile>
    <ClCompile Include="..\..\oc2\ocdebug.c">
      <Filter>Source Files</Filter>
    </ClCompile>
    <ClCompile Include="..\..\oc2\ocdump.c">
      <Filter>Source Files</Filter>
    </ClCompile>
    <ClCompile Include="..\..\oc2\ocinternal.c">
      <Filter>Source Files</Filter>
    </ClCompile>
    <ClCompile Include="..\..\oc2\ocnode.c">
      <Filter>Source Files</Filter>
    </ClCompile>
    <ClCompile Include="..\..\oc2\ochttp.c">
      <Filter>Source Files</Filter>
    </ClCompile>
    <ClCompile Include="..\..\oc2\ocrc.c">
      <Filter>Source Files</Filter>
    </ClCompile>
    <ClCompile Include="..\..\oc2\ocread.c">
      <Filter>Source Files</Filter>
    </ClCompile>
    <ClCompile Include="..\..\oc2\ocutil.c">
      <Filter>Source Files</Filter>
    </ClCompile>
    <ClCompile Include="..\..\oc2\ocbytes.c">
      <Filter>Source Files</Filter>
    </ClCompile>
    <ClCompile Include="..\..\oc2\oclist.c">
      <Filter>Source Files</Filter>
    </ClCompile>
    <ClCompile Include="..\..\oc2\ocuri.c">
      <Filter>Source Files</Filter>
    </ClCompile>
    <ClCompile Include="..\..\oc2\oclog.c">
      <Filter>Source Files</Filter>
    </ClCompile>
    <ClCompile Include="..\..\oc2\occurlflags.c">
      <Filter>Source Files</Filter>
    </ClCompile>
    <ClCompile Include="..\..\oc2\xxdr.c">
      <Filter>Source Files</Filter>
    </ClCompile>
  </ItemGroup>
  <ItemGroup>
    <Filter Include="Source Files">
      <UniqueIdentifier>{B48BE33D-9166-44C2-A7B3-F4FE0DC3501B}</UniqueIdentifier>
    </Filter>
  </ItemGroup>
</Project>