<?xml version="1.0" encoding="utf-8"?>
<Project ToolsVersion="12.0" xmlns="http://schemas.microsoft.com/developer/msbuild/2003">
  <ItemGroup>
    <ClCompile Include="..\..\libsrc\v1hpg.c">
      <Filter>Source Files</Filter>
    </ClCompile>
    <ClCompile Include="..\..\libsrc\putget.c">
      <Filter>Source Files</Filter>
    </ClCompile>
    <ClCompile Include="..\..\libsrc\attr.c">
      <Filter>Source Files</Filter>
    </ClCompile>
    <ClCompile Include="..\..\libsrc\nc3dispatch.c">
      <Filter>Source Files</Filter>
    </ClCompile>
    <ClCompile Include="..\..\libsrc\nc3internal.c">
      <Filter>Source Files</Filter>
    </ClCompile>
    <ClCompile Include="..\..\libsrc\var.c">
      <Filter>Source Files</Filter>
    </ClCompile>
    <ClCompile Include="..\..\libsrc\dim.c">
      <Filter>Source Files</Filter>
    </ClCompile>
    <ClCompile Include="..\..\libsrc\ncx.c">
      <Filter>Source Files</Filter>
    </ClCompile>
    <ClCompile Include="..\..\libsrc\lookup3.c">
      <Filter>Source Files</Filter>
    </ClCompile>
    <ClCompile Include="..\..\libsrc\ncio.c">
      <Filter>Source Files</Filter>
    </ClCompile>
    <ClCompile Include="..\..\libsrc\memio.c">
      <Filter>Source Files</Filter>
    </ClCompile>
    <ClCompile Include="..\..\libsrc\posixio.c">
      <Filter>Source Files</Filter>
    </ClCompile>
  </ItemGroup>
  <ItemGroup>
    <ClInclude Include="..\..\libsrc\pstdint.h">
      <Filter>Header Files</Filter>
    </ClInclude>
  </ItemGroup>
  <ItemGroup>
    <Filter Include="Source Files">
      <UniqueIdentifier>{B48BE33D-9166-44C2-A7B3-F4FE0DC3501B}</UniqueIdentifier>
    </Filter>
    <Filter Include="Header Files">
      <UniqueIdentifier>{DFAF11D9-1C0C-461A-BACA-8D09F17C4DFE}</UniqueIdentifier>
    </Filter>
  </ItemGroup>
</Project>