<?xml version="1.0" encoding="utf-8"?>
<Project ToolsVersion="12.0" xmlns="http://schemas.microsoft.com/developer/msbuild/2003">
  <ItemGroup>
    <ClCompile Include="..\..\libdispatch\dparallel.c">
      <Filter>Source Files</Filter>
    </ClCompile>
    <ClCompile Include="..\..\libdispatch\dcopy.c">
      <Filter>Source Files</Filter>
    </ClCompile>
    <ClCompile Include="..\..\libdispatch\dfile.c">
      <Filter>Source Files</Filter>
    </ClCompile>
    <ClCompile Include="..\..\libdispatch\ddim.c">
      <Filter>Source Files</Filter>
    </ClCompile>
    <ClCompile Include="..\..\libdispatch\datt.c">
      <Filter>Source Files</Filter>
    </ClCompile>
    <ClCompile Include="..\..\libdispatch\dattinq.c">
      <Filter>Source Files</Filter>
    </ClCompile>
    <ClCompile Include="..\..\libdispatch\dattput.c">
      <Filter>Source Files</Filter>
    </ClCompile>
    <ClCompile Include="..\..\libdispatch\dattget.c">
      <Filter>Source Files</Filter>
    </ClCompile>
    <ClCompile Include="..\..\libdispatch\derror.c">
      <Filter>Source Files</Filter>
    </ClCompile>
    <ClCompile Include="..\..\libdispatch\dvar.c">
      <Filter>Source Files</Filter>
    </ClCompile>
    <ClCompile Include="..\..\libdispatch\dvarget.c">
      <Filter>Source Files</Filter>
    </ClCompile>
    <ClCompile Include="..\..\libdispatch\dvarput.c">
      <Filter>Source Files</Filter>
    </ClCompile>
    <ClCompile Include="..\..\libdispatch\dvarinq.c">
      <Filter>Source Files</Filter>
    </ClCompile>
    <ClCompile Include="..\..\libdispatch\ddispatch.c">
      <Filter>Source Files</Filter>
    </ClCompile>
    <ClCompile Include="..\..\libdispatch\nclog.c">
      <Filter>Source Files</Filter>
    </ClCompile>
    <ClCompile Include="..\..\libdispatch\dstring.c">
      <Filter>Source Files</Filter>
    </ClCompile>
    <ClCompile Include="..\..\libdispatch\dutf8proc.c">
      <Filter>Source Files</Filter>
    </ClCompile>
    <ClCompile Include="..\..\libdispatch\ncuri.c">
      <Filter>Source Files</Filter>
    </ClCompile>
    <ClCompile Include="..\..\libdispatch\nclist.c">
      <Filter>Source Files</Filter>
    </ClCompile>
    <ClCompile Include="..\..\libdispatch\ncbytes.c">
      <Filter>Source Files</Filter>
    </ClCompile>
    <ClCompile Include="..\..\libdispatch\nchashmap.c">
      <Filter>Source Files</Filter>
    </ClCompile>
    <ClCompile Include="..\..\libdispatch\nctime.c">
      <Filter>Source Files</Filter>
    </ClCompile>
    <ClCompile Include="..\..\libdispatch\dsubstrate.c">
      <Filter>Source Files</Filter>
    </ClCompile>
    <ClCompile Include="..\..\libdispatch\nc.c">
      <Filter>Source Files</Filter>
    </ClCompile>
    <ClCompile Include="..\..\libdispatch\nclistmgr.c">
      <Filter>Source Files</Filter>
    </ClCompile>
    <ClCompile Include="..\..\libdispatch\dgroup.c">
      <Filter>Source Files</Filter>
    </ClCompile>
    <ClCompile Include="..\..\libdispatch\dvlen.c">
      <Filter>Source Files</Filter>
    </ClCompile>
    <ClCompile Include="..\..\libdispatch\dcompound.c">
      <Filter>Source Files</Filter>
    </ClCompile>
    <ClCompile Include="..\..\libdispatch\dtype.c">
      <Filter>Source Files</Filter>
    </ClCompile>
    <ClCompile Include="..\..\libdispatch\denum.c">
      <Filter>Source Files</Filter>
    </ClCompile>
    <ClCompile Include="..\..\libdispatch\dopaque.c">
      <Filter>Source Files</Filter>
    </ClCompile>
    <ClCompile Include="..\..\libdispatch\ncaux.c">
      <Filter>Source Files</Filter>
    </ClCompile>
    <ClCompile Include="..\..\libdispatch\dv2i.c">
      <Filter>Source Files</Filter>
    </ClCompile>
  </ItemGroup>
  <ItemGroup>
    <Filter Include="Source Files">
      <UniqueIdentifier>{B48BE33D-9166-44C2-A7B3-F4FE0DC3501B}</UniqueIdentifier>
    </Filter>
    <Filter Include="Header Files">
      <UniqueIdentifier>{cfdf79c4-48f2-419a-8506-b388af234938}</UniqueIdentifier>
    </Filter>
  </ItemGroup>
  <ItemGroup>
    <ClInclude Include="..\..\include\ncdispatch.h">
      <Filter>Header Files</Filter>
    </ClInclude>
  </ItemGroup>
</Project>