<?xml version="1.0" encoding="utf-8"?>
<Project ToolsVersion="12.0" xmlns="http://schemas.microsoft.com/developer/msbuild/2003">
  <ItemGroup>
    <ClCompile Include="..\..\libsrc4\nc4dispatch.c">
      <Filter>Source Files</Filter>
    </ClCompile>
    <ClCompile Include="..\..\libsrc4\nc4attr.c">
      <Filter>Source Files</Filter>
    </ClCompile>
    <ClCompile Include="..\..\libsrc4\nc4dim.c">
      <Filter>Source Files</Filter>
    </ClCompile>
    <ClCompile Include="..\..\libsrc4\nc4file.c">
      <Filter>Source Files</Filter>
    </ClCompile>
    <ClCompile Include="..\..\libsrc4\nc4grp.c">
      <Filter>Source Files</Filter>
    </ClCompile>
    <ClCompile Include="..\..\libsrc4\nc4type.c">
      <Filter>Source Files</Filter>
    </ClCompile>
    <ClCompile Include="..\..\libsrc4\nc4var.c">
      <Filter>Source Files</Filter>
    </ClCompile>
    <ClCompile Include="..\..\libsrc4\ncfunc.c">
      <Filter>Source Files</Filter>
    </ClCompile>
    <ClCompile Include="..\..\libsrc4\nc4internal.c">
      <Filter>Source Files</Filter>
    </ClCompile>
    <ClCompile Include="..\..\libsrc4\nc4hdf.c">
      <Filter>Source Files</Filter>
    </ClCompile>
  </ItemGroup>
  <ItemGroup>
    <Filter Include="Source Files">
      <UniqueIdentifier>{B48BE33D-9166-44C2-A7B3-F4FE0DC3501B}</UniqueIdentifier>
    </Filter>
  </ItemGroup>
</Project>