<?xml version="1.0" encoding="utf-8"?>
<Project ToolsVersion="12.0" xmlns="http://schemas.microsoft.com/developer/msbuild/2003">
  <ItemGroup>
    <ClCompile Include="..\..\ncgen\generate.c">
      <Filter>Source Files</Filter>
    </ClCompile>
    <ClCompile Include="..\..\ncgen\main.c">
      <Filter>Source Files</Filter>
    </ClCompile>
    <ClCompile Include="..\..\ncgen\cdata.c">
      <Filter>Source Files</Filter>
    </ClCompile>
    <ClCompile Include="..\..\ncgen\bindata.c">
      <Filter>Source Files</Filter>
    </ClCompile>
    <ClCompile Include="..\..\ncgen\genchar.c">
      <Filter>Source Files</Filter>
    </ClCompile>
    <ClCompile Include="..\..\ncgen\cvt.c">
      <Filter>Source Files</Filter>
    </ClCompile>
    <ClCompile Include="..\..\ncgen\data.c">
      <Filter>Source Files</Filter>
    </ClCompile>
    <ClCompile Include="..\..\ncgen\debug.c">
      <Filter>Source Files</Filter>
    </ClCompile>
    <ClCompile Include="..\..\ncgen\escapes.c">
      <Filter>Source Files</Filter>
    </ClCompile>
    <ClCompile Include="..\..\ncgen\genc.c">
      <Filter>Source Files</Filter>
    </ClCompile>
    <ClCompile Include="..\..\ncgen\genbin.c">
      <Filter>Source Files</Filter>
    </ClCompile>
    <ClCompile Include="..\..\ncgen\generr.c">
      <Filter>Source Files</Filter>
    </ClCompile>
    <ClCompile Include="..\..\ncgen\genlib.c">
      <Filter>Source Files</Filter>
    </ClCompile>
    <ClCompile Include="..\..\ncgen\getfill.c">
      <Filter>Source Files</Filter>
    </ClCompile>
    <ClCompile Include="..\..\ncgen\odom.c">
      <Filter>Source Files</Filter>
    </ClCompile>
    <ClCompile Include="..\..\ncgen\offsets.c">
      <Filter>Source Files</Filter>
    </ClCompile>
    <ClCompile Include="..\..\ncgen\semantics.c">
      <Filter>Source Files</Filter>
    </ClCompile>
    <ClCompile Include="..\..\ncgen\ncgentab.c">
      <Filter>Source Files</Filter>
    </ClCompile>
    <ClCompile Include="..\..\ncgen\dump.c">
      <Filter>Source Files</Filter>
    </ClCompile>
    <ClCompile Include="..\..\ncgen\util.c">
      <Filter>Source Files</Filter>
    </ClCompile>
    <ClCompile Include="..\..\ncgen\bytebuffer.c">
      <Filter>Source Files</Filter>
    </ClCompile>
    <ClCompile Include="..\..\ncgen\list.c">
      <Filter>Source Files</Filter>
    </ClCompile>
    <ClCompile Include="..\..\ncgen\genf77.c">
      <Filter>Source Files</Filter>
    </ClCompile>
    <ClCompile Include="..\..\ncgen\f77data.c">
      <Filter>Source Files</Filter>
    </ClCompile>
    <ClCompile Include="..\..\ncgen\genj.c">
      <Filter>Source Files</Filter>
    </ClCompile>
    <ClCompile Include="..\..\ncgen\jdata.c">
      <Filter>Source Files</Filter>
    </ClCompile>
    <ClCompile Include="..\..\ncgen\nc_iter.c">
      <Filter>Source Files</Filter>
    </ClCompile>
    <ClCompile Include="..\..\ncgen\ConvertUTF.c">
      <Filter>Source Files</Filter>
    </ClCompile>
    <ClCompile Include="..\..\ncgen\XGetopt.c">
      <Filter>Source Files</Filter>
    </ClCompile>
  </ItemGroup>
  <ItemGroup>
    <CustomBuild Include="..\..\ncgen\CMakeLists.txt" />
  </ItemGroup>
  <ItemGroup>
    <Filter Include="Source Files">
      <UniqueIdentifier>{B48BE33D-9166-44C2-A7B3-F4FE0DC3501B}</UniqueIdentifier>
    </Filter>
  </ItemGroup>
</Project>
