<?xml version="1.0" encoding="utf-8"?>
<Project ToolsVersion="12.0" xmlns="http://schemas.microsoft.com/developer/msbuild/2003">
  <ItemGroup>
    <ClCompile Include="..\..\nc_test\nc_test.c">
      <Filter>Source Files</Filter>
    </ClCompile>
    <ClCompile Include="..\..\nc_test\error.c">
      <Filter>Source Files</Filter>
    </ClCompile>
    <ClCompile Include="..\..\nc_test\test_get.c">
      <Filter>Source Files</Filter>
    </ClCompile>
    <ClCompile Include="..\..\nc_test\test_put.c">
      <Filter>Source Files</Filter>
    </ClCompile>
    <ClCompile Include="..\..\nc_test\test_read.c">
      <Filter>Source Files</Filter>
    </ClCompile>
    <ClCompile Include="..\..\nc_test\test_write.c">
      <Filter>Source Files</Filter>
    </ClCompile>
    <ClCompile Include="..\..\nc_test\util.c">
      <Filter>Source Files</Filter>
    </ClCompile>
  </ItemGroup>
  <ItemGroup>
    <CustomBuild Include="..\..\nc_test\CMakeLists.txt" />
    <CustomBuild Include="..\CMakeFiles\d303c3af86ebb51f9aa15e5f25e21f7b\test_get.c.rule">
      <Filter>CMake Rules</Filter>
    </CustomBuild>
    <CustomBuild Include="..\CMakeFiles\d303c3af86ebb51f9aa15e5f25e21f7b\test_put.c.rule">
      <Filter>CMake Rules</Filter>
    </CustomBuild>
  </ItemGroup>
  <ItemGroup>
    <Filter Include="Source Files">
      <UniqueIdentifier>{B48BE33D-9166-44C2-A7B3-F4FE0DC3501B}</UniqueIdentifier>
    </Filter>
    <Filter Include="CMake Rules">
      <UniqueIdentifier>{D59562AB-0C20-4FD5-BF31-D9D7B93FBE9F}</UniqueIdentifier>
    </Filter>
  </ItemGroup>
</Project>
