<?xml version="1.0" encoding="utf-8"?>
<Project ToolsVersion="12.0" xmlns="http://schemas.microsoft.com/developer/msbuild/2003">
  <ItemGroup>
    <ClCompile Include="..\..\libdap2\constraints.c">
      <Filter>Source Files</Filter>
    </ClCompile>
    <ClCompile Include="..\..\libdap2\dapcvt.c">
      <Filter>Source Files</Filter>
    </ClCompile>
    <ClCompile Include="..\..\libdap2\dapalign.c">
      <Filter>Source Files</Filter>
    </ClCompile>
    <ClCompile Include="..\..\libdap2\dapodom.c">
      <Filter>Source Files</Filter>
    </ClCompile>
    <ClCompile Include="..\..\libdap2\daputil.c">
      <Filter>Source Files</Filter>
    </ClCompile>
    <ClCompile Include="..\..\libdap2\ncdaperr.c">
      <Filter>Source Files</Filter>
    </ClCompile>
    <ClCompile Include="..\..\libdap2\cdf.c">
      <Filter>Source Files</Filter>
    </ClCompile>
    <ClCompile Include="..\..\libdap2\cache.c">
      <Filter>Source Files</Filter>
    </ClCompile>
    <ClCompile Include="..\..\libdap2\dapdump.c">
      <Filter>Source Files</Filter>
    </ClCompile>
    <ClCompile Include="..\..\libdap2\dapdebug.c">
      <Filter>Source Files</Filter>
    </ClCompile>
    <ClCompile Include="..\..\libdap2\dapattr.c">
      <Filter>Source Files</Filter>
    </ClCompile>
    <ClCompile Include="..\..\libdap2\ncd2dispatch.c">
      <Filter>Source Files</Filter>
    </ClCompile>
    <ClCompile Include="..\..\libdap2\getvara.c">
      <Filter>Source Files</Filter>
    </ClCompile>
    <ClCompile Include="..\..\libdap2\dceconstraints.c">
      <Filter>Source Files</Filter>
    </ClCompile>
    <ClCompile Include="..\..\libdap2\dcetab.c">
      <Filter>Source Files</Filter>
    </ClCompile>
    <ClCompile Include="..\..\libdap2\dceparse.c">
      <Filter>Source Files</Filter>
    </ClCompile>
    <ClCompile Include="..\..\libdap2\dcelex.c">
      <Filter>Source Files</Filter>
    </ClCompile>
  </ItemGroup>
  <ItemGroup>
    <Filter Include="Source Files">
      <UniqueIdentifier>{B48BE33D-9166-44C2-A7B3-F4FE0DC3501B}</UniqueIdentifier>
    </Filter>
  </ItemGroup>
</Project>